
Microsoft Visual Studio Solution File, Format Version 12.00
# Visual Studio Version 16
VisualStudioVersion = 16.0.30413.136
MinimumVisualStudioVersion = 10.0.40219.1
Project("{FAE04EC0-301F-11D3-BF4B-00C04F79EFBC}") = "WindowsFormsApp1", "WindowsFormsApp1.csproj", "{6DCE0267-AC01-467F-8807-E81112676060}"
EndProject
Global
	GlobalSection(SolutionConfigurationPlatforms) = preSolution
		Debug|Any CPU = Debug|Any CPU
		Release|Any CPU = Release|Any CPU
	EndGlobalSection
	GlobalSection(ProjectConfigurationPlatforms) = postSolution
		{6DCE0267-AC01-467F-8807-E81112676060}.Debug|Any CPU.ActiveCfg = Debug|Any CPU
		{6DCE0267-AC01-467F-8807-E81112676060}.Debug|Any CPU.Build.0 = Debug|Any CPU
		{6DCE0267-AC01-467F-8807-E81112676060}.Release|Any CPU.ActiveCfg = Release|Any CPU
		{6DCE0267-AC01-467F-8807-E81112676060}.Release|Any CPU.Build.0 = Release|Any CPU
	EndGlobalSection
	GlobalSection(SolutionProperties) = preSolution
		HideSolutionNode = FALSE
	EndGlobalSection
	GlobalSection(ExtensibilityGlobals) = postSolution
		SolutionGuid = {5E03F854-A4AE-49D1-9A1E-D94933935393}
	EndGlobalSection
EndGlobal
